{
  "name": "vercel-overstock-monorepo",
  "lockfileVersion": 3,
  "requires": true,
  "packages": {
    "": {
      "name": "vercel-overstock-monorepo",
      "devDependencies": {
        "prettier": "^3.2.5",
        "turbo": "^2.0.9",
        "typescript": "^5.4.5"
      },
      "engines": {
        "node": ">=18"
      }
    },
    "node_modules/prettier": {
      "version": "3.3.3",
      "resolved": "https://registry.npmjs.org/prettier/-/prettier-3.3.3.tgz",
      "integrity": "sha512-i2tDNA0O5IrMO757lfrdQZCc2jPNDVntV0m/+4whiDfWaTKfMNgR7Qz0NAeGz/nRqF4m5/6CLzbP4/liHt12Ew==",
      "dev": true,
      "bin": {
        "prettier": "bin/prettier.cjs"
      },
      "engines": {
        "node": ">=14"
      },
      "funding": {
        "url": "https://github.com/prettier/prettier?sponsor=1"
      }
    },
    "node_modules/turbo": {
      "version": "2.0.9",
      "resolved": "https://registry.npmjs.org/turbo/-/turbo-2.0.9.tgz",
      "integrity": "sha512-QaLaUL1CqblSKKPgLrFW3lZWkWG4pGBQNW+q1ScJB5v1D/nFWtsrD/yZljW/bdawg90ihi4/ftQJ3h6fz1FamA==",
      "dev": true,
      "bin": {
        "turbo": "bin/turbo"
      },
      "optionalDependencies": {
        "turbo-darwin-64": "2.0.9",
        "turbo-darwin-arm64": "2.0.9",
        "turbo-linux-64": "2.0.9",
        "turbo-linux-arm64": "2.0.9",
        "turbo-windows-64": "2.0.9",
        "turbo-windows-arm64": "2.0.9"
      }
    },
    "node_modules/turbo-darwin-64": {
      "version": "2.0.9",
      "resolved": "https://registry.npmjs.org/turbo-darwin-64/-/turbo-darwin-64-2.0.9.tgz",
      "integrity": "sha512-owlGsOaExuVGBUfrnJwjkL1BWlvefjSKczEAcpLx4BI7Oh6ttakOi+JyomkPkFlYElRpjbvlR2gP8WIn6M/+xQ==",
      "cpu": [
        "x64"
      ],
      "dev": true,
      "optional": true,
      "os": [
        "darwin"
      ]
    },
    "node_modules/turbo-darwin-arm64": {
      "version": "2.0.9",
      "resolved": "https://registry.npmjs.org/turbo-darwin-arm64/-/turbo-darwin-arm64-2.0.9.tgz",
      "integrity": "sha512-XAXkKkePth5ZPPE/9G9tTnPQx0C8UTkGWmNGYkpmGgRr8NedW+HrPsi9N0HcjzzIH9A4TpNYvtiV+WcwdaEjKA==",
      "cpu": [
        "arm64"
      ],
      "dev": true,
      "optional": true,
      "os": [
        "darwin"
      ]
    },
    "node_modules/turbo-linux-64": {
      "version": "2.0.9",
      "resolved": "https://registry.npmjs.org/turbo-linux-64/-/turbo-linux-64-2.0.9.tgz",
      "integrity": "sha512-l9wSgEjrCFM1aG16zItBsZ206ZlhSSx1owB8Cgskfv0XyIXRGHRkluihiaxkp+UeU5WoEfz4EN5toc+ICA0q0w==",
      "cpu": [
        "x64"
      ],
      "dev": true,
      "optional": true,
      "os": [
        "linux"
      ]
    },
    "node_modules/turbo-linux-arm64": {
      "version": "2.0.9",
      "resolved": "https://registry.npmjs.org/turbo-linux-arm64/-/turbo-linux-arm64-2.0.9.tgz",
      "integrity": "sha512-gRnjxXRne18B27SwxXMqL3fJu7jw/8kBrOBTBNRSmZZiG1Uu3nbnP7b4lgrA/bCku6C0Wligwqurvtpq6+nFHA==",
      "cpu": [
        "arm64"
      ],
      "dev": true,
      "optional": true,
      "os": [
        "linux"
      ]
    },
    "node_modules/turbo-windows-64": {
      "version": "2.0.9",
      "resolved": "https://registry.npmjs.org/turbo-windows-64/-/turbo-windows-64-2.0.9.tgz",
      "integrity": "sha512-ZVo0apxUvaRq4Vm1qhsfqKKhtRgReYlBVf9MQvVU1O9AoyydEQvLDO1ryqpXDZWpcHoFxHAQc9msjAMtE5K2lA==",
      "cpu": [
        "x64"
      ],
      "dev": true,
      "optional": true,
      "os": [
        "win32"
      ]
    },
    "node_modules/turbo-windows-arm64": {
      "version": "2.0.9",
      "resolved": "https://registry.npmjs.org/turbo-windows-arm64/-/turbo-windows-arm64-2.0.9.tgz",
      "integrity": "sha512-sGRz7c5Pey6y7y9OKi8ypbWNuIRPF9y8xcMqL56OZifSUSo+X2EOsOleR9MKxQXVaqHPGOUKWsE6y8hxBi9pag==",
      "cpu": [
        "arm64"
      ],
      "dev": true,
      "optional": true,
      "os": [
        "win32"
      ]
    },
    "node_modules/typescript": {
      "version": "5.5.4",
      "resolved": "https://registry.npmjs.org/typescript/-/typescript-5.5.4.tgz",
      "integrity": "sha512-Mtq29sKDAEYP7aljRgtPOpTvOfbwRWlS6dPRzwjdE+C0R4brX/GUyhHSecbHMFLNBLcJIPt9nl9yG5TZ1weH+Q==",
      "dev": true,
      "bin": {
        "tsc": "bin/tsc",
        "tsserver": "bin/tsserver"
      },
      "engines": {
        "node": ">=14.17"
      }
    }
  }
}
